
Microsoft Visual Studio Solution File, Format Version 12.00
# Visual Studio 15
VisualStudioVersion = 15.0.27004.2006
MinimumVisualStudioVersion = 10.0.40219.1
Project("{FAE04EC0-301F-11D3-BF4B-00C04F79EFBC}") = "CalculatorWin", "CalculatorWin\CalculatorWin.csproj", "{B3BF3EA8-F8AB-4E7D-BF93-8613B034BAC7}"
EndProject
Project("{FAE04EC0-301F-11D3-BF4B-00C04F79EFBC}") = "CalculatorLib", "CalculatorLib\CalculatorLib.csproj", "{029D6A21-56C8-4C52-B2FC-EECDC218B195}"
EndProject
Global
	GlobalSection(SolutionConfigurationPlatforms) = preSolution
		Debug|Any CPU = Debug|Any CPU
		Release|Any CPU = Release|Any CPU
	EndGlobalSection
	GlobalSection(ProjectConfigurationPlatforms) = postSolution
		{B3BF3EA8-F8AB-4E7D-BF93-8613B034BAC7}.Debug|Any CPU.ActiveCfg = Debug|Any CPU
		{B3BF3EA8-F8AB-4E7D-BF93-8613B034BAC7}.Debug|Any CPU.Build.0 = Debug|Any CPU
		{B3BF3EA8-F8AB-4E7D-BF93-8613B034BAC7}.Release|Any CPU.ActiveCfg = Release|Any CPU
		{B3BF3EA8-F8AB-4E7D-BF93-8613B034BAC7}.Release|Any CPU.Build.0 = Release|Any CPU
		{029D6A21-56C8-4C52-B2FC-EECDC218B195}.Debug|Any CPU.ActiveCfg = Debug|Any CPU
		{029D6A21-56C8-4C52-B2FC-EECDC218B195}.Debug|Any CPU.Build.0 = Debug|Any CPU
		{029D6A21-56C8-4C52-B2FC-EECDC218B195}.Release|Any CPU.ActiveCfg = Release|Any CPU
		{029D6A21-56C8-4C52-B2FC-EECDC218B195}.Release|Any CPU.Build.0 = Release|Any CPU
	EndGlobalSection
	GlobalSection(SolutionProperties) = preSolution
		HideSolutionNode = FALSE
	EndGlobalSection
	GlobalSection(ExtensibilityGlobals) = postSolution
		SolutionGuid = {AE6F415E-1263-4A16-A2BD-DD1D58FD38C2}
	EndGlobalSection
EndGlobal
